
Microsoft Visual Studio Solution File, Format Version 12.00
# Visual Studio Version 17
VisualStudioVersion = 17.11.35303.130
MinimumVisualStudioVersion = 10.0.40219.1
Project("{FAE04EC0-301F-11D3-BF4B-00C04F79EFBC}") = "MainApp", "MainApp\MainApp.csproj", "{6C8B1B9F-2DA4-4C1B-A0DD-AFF6DAC42CC1}"
EndProject
Project("{FAE04EC0-301F-11D3-BF4B-00C04F79EFBC}") = "Resources", "Resources\Resources.csproj", "{C26E5028-E96D-43F7-AA52-674B5511B4C2}"
EndProject
Project("{FAE04EC0-301F-11D3-BF4B-00C04F79EFBC}") = "Resources.Tests", "Resources.Tests\Resources.Tests.csproj", "{3ED31BBE-6DF1-4889-98ED-3270E9B05875}"
EndProject
Global
	GlobalSection(SolutionConfigurationPlatforms) = preSolution
		Debug|Any CPU = Debug|Any CPU
		Release|Any CPU = Release|Any CPU
	EndGlobalSection
	GlobalSection(ProjectConfigurationPlatforms) = postSolution
		{6C8B1B9F-2DA4-4C1B-A0DD-AFF6DAC42CC1}.Debug|Any CPU.ActiveCfg = Debug|Any CPU
		{6C8B1B9F-2DA4-4C1B-A0DD-AFF6DAC42CC1}.Debug|Any CPU.Build.0 = Debug|Any CPU
		{6C8B1B9F-2DA4-4C1B-A0DD-AFF6DAC42CC1}.Release|Any CPU.ActiveCfg = Release|Any CPU
		{6C8B1B9F-2DA4-4C1B-A0DD-AFF6DAC42CC1}.Release|Any CPU.Build.0 = Release|Any CPU
		{C26E5028-E96D-43F7-AA52-674B5511B4C2}.Debug|Any CPU.ActiveCfg = Debug|Any CPU
		{C26E5028-E96D-43F7-AA52-674B5511B4C2}.Debug|Any CPU.Build.0 = Debug|Any CPU
		{C26E5028-E96D-43F7-AA52-674B5511B4C2}.Release|Any CPU.ActiveCfg = Release|Any CPU
		{C26E5028-E96D-43F7-AA52-674B5511B4C2}.Release|Any CPU.Build.0 = Release|Any CPU
		{3ED31BBE-6DF1-4889-98ED-3270E9B05875}.Debug|Any CPU.ActiveCfg = Debug|Any CPU
		{3ED31BBE-6DF1-4889-98ED-3270E9B05875}.Debug|Any CPU.Build.0 = Debug|Any CPU
		{3ED31BBE-6DF1-4889-98ED-3270E9B05875}.Release|Any CPU.ActiveCfg = Release|Any CPU
		{3ED31BBE-6DF1-4889-98ED-3270E9B05875}.Release|Any CPU.Build.0 = Release|Any CPU
	EndGlobalSection
	GlobalSection(SolutionProperties) = preSolution
		HideSolutionNode = FALSE
	EndGlobalSection
	GlobalSection(ExtensibilityGlobals) = postSolution
		SolutionGuid = {6FE0BBD8-C3AF-4899-A5B7-E1883173F2C5}
	EndGlobalSection
EndGlobal
